
Microsoft Visual Studio Solution File, Format Version 12.00
# Visual Studio Version 17
VisualStudioVersion = 17.4.33213.308
MinimumVisualStudioVersion = 10.0.40219.1
Project("{FAE04EC0-301F-11D3-BF4B-00C04F79EFBC}") = "ZVDOP1", "ZVDOP1\ZVDOP1.csproj", "{F81CE49F-FE71-4C0F-ACF3-A9336587D573}"
EndProject
Global
	GlobalSection(SolutionConfigurationPlatforms) = preSolution
		Debug|Any CPU = Debug|Any CPU
		Release|Any CPU = Release|Any CPU
	EndGlobalSection
	GlobalSection(ProjectConfigurationPlatforms) = postSolution
		{F81CE49F-FE71-4C0F-ACF3-A9336587D573}.Debug|Any CPU.ActiveCfg = Debug|Any CPU
		{F81CE49F-FE71-4C0F-ACF3-A9336587D573}.Debug|Any CPU.Build.0 = Debug|Any CPU
		{F81CE49F-FE71-4C0F-ACF3-A9336587D573}.Release|Any CPU.ActiveCfg = Release|Any CPU
		{F81CE49F-FE71-4C0F-ACF3-A9336587D573}.Release|Any CPU.Build.0 = Release|Any CPU
	EndGlobalSection
	GlobalSection(SolutionProperties) = preSolution
		HideSolutionNode = FALSE
	EndGlobalSection
	GlobalSection(ExtensibilityGlobals) = postSolution
		SolutionGuid = {B9DB002E-4430-4326-AA7A-591B429370AD}
	EndGlobalSection
EndGlobal
